
Microsoft Visual Studio Solution File, Format Version 12.00
# Visual Studio 15
VisualStudioVersion = 15.0.26124.0
MinimumVisualStudioVersion = 15.0.26124.0
Project("{2150E333-8FDC-42A3-9474-1A3956D46DE8}") = "src", "src", "{13608652-5684-4AF9-BDB5-13686AA4A1E0}"
EndProject
Project("{FAE04EC0-301F-11D3-BF4B-00C04F79EFBC}") = "demo-project", "src\demo-project\demo-project.csproj", "{7D2785C8-4B0C-415E-9D42-FF5519B5A6B1}"
EndProject
Project("{FAE04EC0-301F-11D3-BF4B-00C04F79EFBC}") = "demo-project-tests", "src\demo-project-tests\demo-project-tests.csproj", "{2F1A658A-05F8-458B-84D1-17037250CE0A}"
EndProject
Global
	GlobalSection(SolutionConfigurationPlatforms) = preSolution
		Debug|Any CPU = Debug|Any CPU
		Debug|x64 = Debug|x64
		Debug|x86 = Debug|x86
		Release|Any CPU = Release|Any CPU
		Release|x64 = Release|x64
		Release|x86 = Release|x86
	EndGlobalSection
	GlobalSection(SolutionProperties) = preSolution
		HideSolutionNode = FALSE
	EndGlobalSection
	GlobalSection(ProjectConfigurationPlatforms) = postSolution
		{7D2785C8-4B0C-415E-9D42-FF5519B5A6B1}.Debug|Any CPU.ActiveCfg = Debug|Any CPU
		{7D2785C8-4B0C-415E-9D42-FF5519B5A6B1}.Debug|Any CPU.Build.0 = Debug|Any CPU
		{7D2785C8-4B0C-415E-9D42-FF5519B5A6B1}.Debug|x64.ActiveCfg = Debug|Any CPU
		{7D2785C8-4B0C-415E-9D42-FF5519B5A6B1}.Debug|x64.Build.0 = Debug|Any CPU
		{7D2785C8-4B0C-415E-9D42-FF5519B5A6B1}.Debug|x86.ActiveCfg = Debug|Any CPU
		{7D2785C8-4B0C-415E-9D42-FF5519B5A6B1}.Debug|x86.Build.0 = Debug|Any CPU
		{7D2785C8-4B0C-415E-9D42-FF5519B5A6B1}.Release|Any CPU.ActiveCfg = Release|Any CPU
		{7D2785C8-4B0C-415E-9D42-FF5519B5A6B1}.Release|Any CPU.Build.0 = Release|Any CPU
		{7D2785C8-4B0C-415E-9D42-FF5519B5A6B1}.Release|x64.ActiveCfg = Release|Any CPU
		{7D2785C8-4B0C-415E-9D42-FF5519B5A6B1}.Release|x64.Build.0 = Release|Any CPU
		{7D2785C8-4B0C-415E-9D42-FF5519B5A6B1}.Release|x86.ActiveCfg = Release|Any CPU
		{7D2785C8-4B0C-415E-9D42-FF5519B5A6B1}.Release|x86.Build.0 = Release|Any CPU
		{2F1A658A-05F8-458B-84D1-17037250CE0A}.Debug|Any CPU.ActiveCfg = Debug|Any CPU
		{2F1A658A-05F8-458B-84D1-17037250CE0A}.Debug|Any CPU.Build.0 = Debug|Any CPU
		{2F1A658A-05F8-458B-84D1-17037250CE0A}.Debug|x64.ActiveCfg = Debug|Any CPU
		{2F1A658A-05F8-458B-84D1-17037250CE0A}.Debug|x64.Build.0 = Debug|Any CPU
		{2F1A658A-05F8-458B-84D1-17037250CE0A}.Debug|x86.ActiveCfg = Debug|Any CPU
		{2F1A658A-05F8-458B-84D1-17037250CE0A}.Debug|x86.Build.0 = Debug|Any CPU
		{2F1A658A-05F8-458B-84D1-17037250CE0A}.Release|Any CPU.ActiveCfg = Release|Any CPU
		{2F1A658A-05F8-458B-84D1-17037250CE0A}.Release|Any CPU.Build.0 = Release|Any CPU
		{2F1A658A-05F8-458B-84D1-17037250CE0A}.Release|x64.ActiveCfg = Release|Any CPU
		{2F1A658A-05F8-458B-84D1-17037250CE0A}.Release|x64.Build.0 = Release|Any CPU
		{2F1A658A-05F8-458B-84D1-17037250CE0A}.Release|x86.ActiveCfg = Release|Any CPU
		{2F1A658A-05F8-458B-84D1-17037250CE0A}.Release|x86.Build.0 = Release|Any CPU
	EndGlobalSection
	GlobalSection(NestedProjects) = preSolution
		{7D2785C8-4B0C-415E-9D42-FF5519B5A6B1} = {13608652-5684-4AF9-BDB5-13686AA4A1E0}
		{2F1A658A-05F8-458B-84D1-17037250CE0A} = {13608652-5684-4AF9-BDB5-13686AA4A1E0}
	EndGlobalSection
EndGlobal
